// !$*UTF8*$!
{
	archiveVersion = 1;
	classes = {
	};
	objectVersion = 48;
	objects = {

/* Begin PBXBuildFile section */
		35D2761C2A02EB441E68766D /* Pods_JSDatePickerViewTests.framework in Frameworks */ = {isa = PBXBuildFile; fileRef = 9CD351B523AD3CB9C9152C84 /* Pods_JSDatePickerViewTests.framework */; };
		422A948A202409AC00010D2F /* Cells.swift in Sources */ = {isa = PBXBuildFile; fileRef = 422A9489202409AC00010D2F /* Cells.swift */; };
		42315F0820220CAE00ADC50C /* AppDelegate.swift in Sources */ = {isa = PBXBuildFile; fileRef = 42315F0720220CAD00ADC50C /* AppDelegate.swift */; };
		42315F0A20220CB600ADC50C /* Main.storyboard in Resources */ = {isa = PBXBuildFile; fileRef = 42315F0920220CB600ADC50C /* Main.storyboard */; };
		42315F0C20220CC300ADC50C /* Info.plist in Resources */ = {isa = PBXBuildFile; fileRef = 42315F0B20220CC300ADC50C /* Info.plist */; };
		42973BAB1FF55D42009DEA7B /* CalenderUtilities.swift in Sources */ = {isa = PBXBuildFile; fileRef = 42973BAA1FF55D42009DEA7B /* CalenderUtilities.swift */; };
		42C0D75F203C5415007346CE /* MainViewController.swift in Sources */ = {isa = PBXBuildFile; fileRef = 42C0D75E203C5415007346CE /* MainViewController.swift */; };
		42D92D171FFD59DE00DBD96B /* Assets.xcassets in Resources */ = {isa = PBXBuildFile; fileRef = 42D92D161FFD59DE00DBD96B /* Assets.xcassets */; };
		42D92D1B1FFD5A3800DBD96B /* Default-568h@2x.png in Resources */ = {isa = PBXBuildFile; fileRef = 42D92D1A1FFD5A3800DBD96B /* Default-568h@2x.png */; };
		42E484B72035499C007C3271 /* JSDatePickerView.swift in Sources */ = {isa = PBXBuildFile; fileRef = 42E484B62035499C007C3271 /* JSDatePickerView.swift */; };
		42E484B920354A45007C3271 /* DatePickerCollectionView.swift in Sources */ = {isa = PBXBuildFile; fileRef = 42E484B820354A45007C3271 /* DatePickerCollectionView.swift */; };
		42E484BB2035D9D8007C3271 /* CalendarCollectionView.swift in Sources */ = {isa = PBXBuildFile; fileRef = 42E484BA2035D9D8007C3271 /* CalendarCollectionView.swift */; };
		4F2BD7D6CB9AEF4F7F6CEBE2 /* Pods_JSDatePickerViewUITests.framework in Frameworks */ = {isa = PBXBuildFile; fileRef = 5E810CBD6DDC76193E4F7E75 /* Pods_JSDatePickerViewUITests.framework */; };
		C3A9EB8DCE45760BF24655AC /* Pods_JSDatePickerView.framework in Frameworks */ = {isa = PBXBuildFile; fileRef = B6E6570288E1EE4AA50311A7 /* Pods_JSDatePickerView.framework */; };
/* End PBXBuildFile section */

/* Begin PBXContainerItemProxy section */
		420377E41FF2863A0012A55C /* PBXContainerItemProxy */ = {
			isa = PBXContainerItemProxy;
			containerPortal = 420377C71FF286390012A55C /* Project object */;
			proxyType = 1;
			remoteGlobalIDString = 420377CE1FF286390012A55C;
			remoteInfo = JSDatePickerView;
		};
		420377EF1FF2863A0012A55C /* PBXContainerItemProxy */ = {
			isa = PBXContainerItemProxy;
			containerPortal = 420377C71FF286390012A55C /* Project object */;
			proxyType = 1;
			remoteGlobalIDString = 420377CE1FF286390012A55C;
			remoteInfo = JSDatePickerView;
		};
/* End PBXContainerItemProxy section */

/* Begin PBXFileReference section */
		1B1010F7F103AFD34D0105AD /* Pods-JSDatePickerViewUITests.debug.xcconfig */ = {isa = PBXFileReference; includeInIndex = 1; lastKnownFileType = text.xcconfig; name = "Pods-JSDatePickerViewUITests.debug.xcconfig"; path = "Pods/Target Support Files/Pods-JSDatePickerViewUITests/Pods-JSDatePickerViewUITests.debug.xcconfig"; sourceTree = "<group>"; };
		20D1080F26CE747AE2295024 /* Pods-JSDatePickerViewTests.release.xcconfig */ = {isa = PBXFileReference; includeInIndex = 1; lastKnownFileType = text.xcconfig; name = "Pods-JSDatePickerViewTests.release.xcconfig"; path = "Pods/Target Support Files/Pods-JSDatePickerViewTests/Pods-JSDatePickerViewTests.release.xcconfig"; sourceTree = "<group>"; };
		33BCF8655DAA662149FF9541 /* Pods-JSDatePickerView.release.xcconfig */ = {isa = PBXFileReference; includeInIndex = 1; lastKnownFileType = text.xcconfig; name = "Pods-JSDatePickerView.release.xcconfig"; path = "Pods/Target Support Files/Pods-JSDatePickerView/Pods-JSDatePickerView.release.xcconfig"; sourceTree = "<group>"; };
		422A94872023FFF500010D2F /* JSDatePickerViewTests.xctest */ = {isa = PBXFileReference; explicitFileType = wrapper.cfbundle; includeInIndex = 0; path = JSDatePickerViewTests.xctest; sourceTree = BUILT_PRODUCTS_DIR; };
		422A94882023FFF500010D2F /* JSDatePickerViewUITests.xctest */ = {isa = PBXFileReference; explicitFileType = wrapper.cfbundle; includeInIndex = 0; path = JSDatePickerViewUITests.xctest; sourceTree = BUILT_PRODUCTS_DIR; };
		422A9489202409AC00010D2F /* Cells.swift */ = {isa = PBXFileReference; lastKnownFileType = sourcecode.swift; path = Cells.swift; sourceTree = "<group>"; };
		42315F0720220CAD00ADC50C /* AppDelegate.swift */ = {isa = PBXFileReference; fileEncoding = 4; lastKnownFileType = sourcecode.swift; path = AppDelegate.swift; sourceTree = "<group>"; };
		42315F0920220CB600ADC50C /* Main.storyboard */ = {isa = PBXFileReference; fileEncoding = 4; lastKnownFileType = file.storyboard; path = Main.storyboard; sourceTree = "<group>"; };
		42315F0B20220CC300ADC50C /* Info.plist */ = {isa = PBXFileReference; fileEncoding = 4; lastKnownFileType = text.plist.xml; path = Info.plist; sourceTree = "<group>"; };
		42973BAA1FF55D42009DEA7B /* CalenderUtilities.swift */ = {isa = PBXFileReference; lastKnownFileType = sourcecode.swift; path = CalenderUtilities.swift; sourceTree = "<group>"; };
		429CE708200EC6310023292F /* JSDatePickerView.app */ = {isa = PBXFileReference; explicitFileType = wrapper.application; includeInIndex = 0; path = JSDatePickerView.app; sourceTree = BUILT_PRODUCTS_DIR; };
		42C0D75E203C5415007346CE /* MainViewController.swift */ = {isa = PBXFileReference; lastKnownFileType = sourcecode.swift; path = MainViewController.swift; sourceTree = "<group>"; };
		42D92D161FFD59DE00DBD96B /* Assets.xcassets */ = {isa = PBXFileReference; lastKnownFileType = folder.assetcatalog; path = Assets.xcassets; sourceTree = "<group>"; };
		42D92D1A1FFD5A3800DBD96B /* Default-568h@2x.png */ = {isa = PBXFileReference; lastKnownFileType = image.png; path = "Default-568h@2x.png"; sourceTree = "<group>"; };
		42E484B62035499C007C3271 /* JSDatePickerView.swift */ = {isa = PBXFileReference; lastKnownFileType = sourcecode.swift; path = JSDatePickerView.swift; sourceTree = "<group>"; };
		42E484B820354A45007C3271 /* DatePickerCollectionView.swift */ = {isa = PBXFileReference; lastKnownFileType = sourcecode.swift; path = DatePickerCollectionView.swift; sourceTree = "<group>"; };
		42E484BA2035D9D8007C3271 /* CalendarCollectionView.swift */ = {isa = PBXFileReference; lastKnownFileType = sourcecode.swift; path = CalendarCollectionView.swift; sourceTree = "<group>"; };
		487C026CD7BFAF6619107F81 /* Pods-JSDatePickerViewUITests.release.xcconfig */ = {isa = PBXFileReference; includeInIndex = 1; lastKnownFileType = text.xcconfig; name = "Pods-JSDatePickerViewUITests.release.xcconfig"; path = "Pods/Target Support Files/Pods-JSDatePickerViewUITests/Pods-JSDatePickerViewUITests.release.xcconfig"; sourceTree = "<group>"; };
		5E810CBD6DDC76193E4F7E75 /* Pods_JSDatePickerViewUITests.framework */ = {isa = PBXFileReference; explicitFileType = wrapper.framework; includeInIndex = 0; path = Pods_JSDatePickerViewUITests.framework; sourceTree = BUILT_PRODUCTS_DIR; };
		907E8C1E6D3B72701661D4C0 /* Pods-JSDatePickerView.debug.xcconfig */ = {isa = PBXFileReference; includeInIndex = 1; lastKnownFileType = text.xcconfig; name = "Pods-JSDatePickerView.debug.xcconfig"; path = "Pods/Target Support Files/Pods-JSDatePickerView/Pods-JSDatePickerView.debug.xcconfig"; sourceTree = "<group>"; };
		9CD351B523AD3CB9C9152C84 /* Pods_JSDatePickerViewTests.framework */ = {isa = PBXFileReference; explicitFileType = wrapper.framework; includeInIndex = 0; path = Pods_JSDatePickerViewTests.framework; sourceTree = BUILT_PRODUCTS_DIR; };
		B6E6570288E1EE4AA50311A7 /* Pods_JSDatePickerView.framework */ = {isa = PBXFileReference; explicitFileType = wrapper.framework; includeInIndex = 0; path = Pods_JSDatePickerView.framework; sourceTree = BUILT_PRODUCTS_DIR; };
		CDDEA2B97529C36AB66B94EB /* Pods-JSDatePickerViewTests.debug.xcconfig */ = {isa = PBXFileReference; includeInIndex = 1; lastKnownFileType = text.xcconfig; name = "Pods-JSDatePickerViewTests.debug.xcconfig"; path = "Pods/Target Support Files/Pods-JSDatePickerViewTests/Pods-JSDatePickerViewTests.debug.xcconfig"; sourceTree = "<group>"; };
/* End PBXFileReference section */

/* Begin PBXFrameworksBuildPhase section */
		420377CC1FF286390012A55C /* Frameworks */ = {
			isa = PBXFrameworksBuildPhase;
			buildActionMask = 2147483647;
			files = (
				C3A9EB8DCE45760BF24655AC /* Pods_JSDatePickerView.framework in Frameworks */,
			);
			runOnlyForDeploymentPostprocessing = 0;
		};
		420377E01FF2863A0012A55C /* Frameworks */ = {
			isa = PBXFrameworksBuildPhase;
			buildActionMask = 2147483647;
			files = (
				35D2761C2A02EB441E68766D /* Pods_JSDatePickerViewTests.framework in Frameworks */,
			);
			runOnlyForDeploymentPostprocessing = 0;
		};
		420377EB1FF2863A0012A55C /* Frameworks */ = {
			isa = PBXFrameworksBuildPhase;
			buildActionMask = 2147483647;
			files = (
				4F2BD7D6CB9AEF4F7F6CEBE2 /* Pods_JSDatePickerViewUITests.framework in Frameworks */,
			);
			runOnlyForDeploymentPostprocessing = 0;
		};
/* End PBXFrameworksBuildPhase section */

/* Begin PBXGroup section */
		420377C61FF286390012A55C = {
			isa = PBXGroup;
			children = (
				42D92D1A1FFD5A3800DBD96B /* Default-568h@2x.png */,
				420377D11FF286390012A55C /* JSDatePickerView */,
				429CE708200EC6310023292F /* JSDatePickerView.app */,
				422A94882023FFF500010D2F /* JSDatePickerViewUITests.xctest */,
				422A94872023FFF500010D2F /* JSDatePickerViewTests.xctest */,
				B8C09633DA261FFD88EF7486 /* Pods */,
				F30ACE9B9C2E14A7985502D7 /* Frameworks */,
			);
			sourceTree = "<group>";
		};
		420377D11FF286390012A55C /* JSDatePickerView */ = {
			isa = PBXGroup;
			children = (
				422A9489202409AC00010D2F /* Cells.swift */,
				42315F0720220CAD00ADC50C /* AppDelegate.swift */,
				42315F0920220CB600ADC50C /* Main.storyboard */,
				42E484B820354A45007C3271 /* DatePickerCollectionView.swift */,
				42C0D75E203C5415007346CE /* MainViewController.swift */,
				42E484BA2035D9D8007C3271 /* CalendarCollectionView.swift */,
				42E484B62035499C007C3271 /* JSDatePickerView.swift */,
				42973BAA1FF55D42009DEA7B /* CalenderUtilities.swift */,
				42D92D161FFD59DE00DBD96B /* Assets.xcassets */,
				42315F0B20220CC300ADC50C /* Info.plist */,
			);
			path = JSDatePickerView;
			sourceTree = "<group>";
		};
		B8C09633DA261FFD88EF7486 /* Pods */ = {
			isa = PBXGroup;
			children = (
				907E8C1E6D3B72701661D4C0 /* Pods-JSDatePickerView.debug.xcconfig */,
				33BCF8655DAA662149FF9541 /* Pods-JSDatePickerView.release.xcconfig */,
				CDDEA2B97529C36AB66B94EB /* Pods-JSDatePickerViewTests.debug.xcconfig */,
				20D1080F26CE747AE2295024 /* Pods-JSDatePickerViewTests.release.xcconfig */,
				1B1010F7F103AFD34D0105AD /* Pods-JSDatePickerViewUITests.debug.xcconfig */,
				487C026CD7BFAF6619107F81 /* Pods-JSDatePickerViewUITests.release.xcconfig */,
			);
			name = Pods;
			sourceTree = "<group>";
		};
		F30ACE9B9C2E14A7985502D7 /* Frameworks */ = {
			isa = PBXGroup;
			children = (
				B6E6570288E1EE4AA50311A7 /* Pods_JSDatePickerView.framework */,
				9CD351B523AD3CB9C9152C84 /* Pods_JSDatePickerViewTests.framework */,
				5E810CBD6DDC76193E4F7E75 /* Pods_JSDatePickerViewUITests.framework */,
			);
			name = Frameworks;
			sourceTree = "<group>";
		};
/* End PBXGroup section */

/* Begin PBXNativeTarget section */
		420377CE1FF286390012A55C /* JSDatePickerView */ = {
			isa = PBXNativeTarget;
			buildConfigurationList = 420377F71FF2863A0012A55C /* Build configuration list for PBXNativeTarget "JSDatePickerView" */;
			buildPhases = (
				E89D851979A800AB61F6AADB /* [CP] Check Pods Manifest.lock */,
				420377CB1FF286390012A55C /* Sources */,
				420377CC1FF286390012A55C /* Frameworks */,
				420377CD1FF286390012A55C /* Resources */,
				FAB91981D770555355EBF4F9 /* [CP] Embed Pods Frameworks */,
				BD367D0F3F55E3745ABD2481 /* [CP] Copy Pods Resources */,
			);
			buildRules = (
			);
			dependencies = (
			);
			name = JSDatePickerView;
			productName = JSDatePickerView;
			productReference = 429CE708200EC6310023292F /* JSDatePickerView.app */;
			productType = "com.apple.product-type.application";
		};
		420377E21FF2863A0012A55C /* JSDatePickerViewTests */ = {
			isa = PBXNativeTarget;
			buildConfigurationList = 420377FA1FF2863A0012A55C /* Build configuration list for PBXNativeTarget "JSDatePickerViewTests" */;
			buildPhases = (
				ACDE5FB58E494D92364A2BC5 /* [CP] Check Pods Manifest.lock */,
				420377DF1FF2863A0012A55C /* Sources */,
				420377E01FF2863A0012A55C /* Frameworks */,
				420377E11FF2863A0012A55C /* Resources */,
				D7FA58AAC731FC5394F4CEE3 /* [CP] Embed Pods Frameworks */,
				757807B29DB5932406DF194A /* [CP] Copy Pods Resources */,
			);
			buildRules = (
			);
			dependencies = (
				420377E51FF2863A0012A55C /* PBXTargetDependency */,
			);
			name = JSDatePickerViewTests;
			productName = JSDatePickerViewTests;
			productReference = 422A94872023FFF500010D2F /* JSDatePickerViewTests.xctest */;
			productType = "com.apple.product-type.bundle.unit-test";
		};
		420377ED1FF2863A0012A55C /* JSDatePickerViewUITests */ = {
			isa = PBXNativeTarget;
			buildConfigurationList = 420377FD1FF2863A0012A55C /* Build configuration list for PBXNativeTarget "JSDatePickerViewUITests" */;
			buildPhases = (
				17B195D389C7272984886B81 /* [CP] Check Pods Manifest.lock */,
				420377EA1FF2863A0012A55C /* Sources */,
				420377EB1FF2863A0012A55C /* Frameworks */,
				420377EC1FF2863A0012A55C /* Resources */,
				041AC524576BEC759619D766 /* [CP] Embed Pods Frameworks */,
				0F91D75DEBBA9BC1D1ADAD6D /* [CP] Copy Pods Resources */,
			);
			buildRules = (
			);
			dependencies = (
				420377F01FF2863A0012A55C /* PBXTargetDependency */,
			);
			name = JSDatePickerViewUITests;
			productName = JSDatePickerViewUITests;
			productReference = 422A94882023FFF500010D2F /* JSDatePickerViewUITests.xctest */;
			productType = "com.apple.product-type.bundle.ui-testing";
		};
/* End PBXNativeTarget section */

/* Begin PBXProject section */
		420377C71FF286390012A55C /* Project object */ = {
			isa = PBXProject;
			attributes = {
				LastSwiftUpdateCheck = 0920;
				LastUpgradeCheck = 0920;
				ORGANIZATIONNAME = "Jesse Seidman";
				TargetAttributes = {
					420377CE1FF286390012A55C = {
						CreatedOnToolsVersion = 9.2;
						ProvisioningStyle = Automatic;
					};
					420377E21FF2863A0012A55C = {
						CreatedOnToolsVersion = 9.2;
						ProvisioningStyle = Automatic;
						TestTargetID = 420377CE1FF286390012A55C;
					};
					420377ED1FF2863A0012A55C = {
						CreatedOnToolsVersion = 9.2;
						ProvisioningStyle = Automatic;
						TestTargetID = 420377CE1FF286390012A55C;
					};
				};
			};
			buildConfigurationList = 420377CA1FF286390012A55C /* Build configuration list for PBXProject "JSDatePickerView" */;
			compatibilityVersion = "Xcode 8.0";
			developmentRegion = en;
			hasScannedForEncodings = 0;
			knownRegions = (
				en,
				Base,
			);
			mainGroup = 420377C61FF286390012A55C;
			productRefGroup = 420377C61FF286390012A55C;
			projectDirPath = "";
			projectRoot = "";
			targets = (
				420377CE1FF286390012A55C /* JSDatePickerView */,
				420377E21FF2863A0012A55C /* JSDatePickerViewTests */,
				420377ED1FF2863A0012A55C /* JSDatePickerViewUITests */,
			);
		};
/* End PBXProject section */

/* Begin PBXResourcesBuildPhase section */
		420377CD1FF286390012A55C /* Resources */ = {
			isa = PBXResourcesBuildPhase;
			buildActionMask = 2147483647;
			files = (
				42315F0C20220CC300ADC50C /* Info.plist in Resources */,
				42315F0A20220CB600ADC50C /* Main.storyboard in Resources */,
				42D92D171FFD59DE00DBD96B /* Assets.xcassets in Resources */,
				42D92D1B1FFD5A3800DBD96B /* Default-568h@2x.png in Resources */,
			);
			runOnlyForDeploymentPostprocessing = 0;
		};
		420377E11FF2863A0012A55C /* Resources */ = {
			isa = PBXResourcesBuildPhase;
			buildActionMask = 2147483647;
			files = (
			);
			runOnlyForDeploymentPostprocessing = 0;
		};
		420377EC1FF2863A0012A55C /* Resources */ = {
			isa = PBXResourcesBuildPhase;
			buildActionMask = 2147483647;
			files = (
			);
			runOnlyForDeploymentPostprocessing = 0;
		};
/* End PBXResourcesBuildPhase section */

/* Begin PBXShellScriptBuildPhase section */
		041AC524576BEC759619D766 /* [CP] Embed Pods Frameworks */ = {
			isa = PBXShellScriptBuildPhase;
			buildActionMask = 2147483647;
			files = (
			);
			inputPaths = (
			);
			name = "[CP] Embed Pods Frameworks";
			outputPaths = (
			);
			runOnlyForDeploymentPostprocessing = 0;
			shellPath = /bin/sh;
			shellScript = "\"${SRCROOT}/Pods/Target Support Files/Pods-JSDatePickerViewUITests/Pods-JSDatePickerViewUITests-frameworks.sh\"\n";
			showEnvVarsInLog = 0;
		};
		0F91D75DEBBA9BC1D1ADAD6D /* [CP] Copy Pods Resources */ = {
			isa = PBXShellScriptBuildPhase;
			buildActionMask = 2147483647;
			files = (
			);
			inputPaths = (
			);
			name = "[CP] Copy Pods Resources";
			outputPaths = (
			);
			runOnlyForDeploymentPostprocessing = 0;
			shellPath = /bin/sh;
			shellScript = "\"${SRCROOT}/Pods/Target Support Files/Pods-JSDatePickerViewUITests/Pods-JSDatePickerViewUITests-resources.sh\"\n";
			showEnvVarsInLog = 0;
		};
		17B195D389C7272984886B81 /* [CP] Check Pods Manifest.lock */ = {
			isa = PBXShellScriptBuildPhase;
			buildActionMask = 2147483647;
			files = (
			);
			inputPaths = (
				"${PODS_PODFILE_DIR_PATH}/Podfile.lock",
				"${PODS_ROOT}/Manifest.lock",
			);
			name = "[CP] Check Pods Manifest.lock";
			outputPaths = (
				"$(DERIVED_FILE_DIR)/Pods-JSDatePickerViewUITests-checkManifestLockResult.txt",
			);
			runOnlyForDeploymentPostprocessing = 0;
			shellPath = /bin/sh;
			shellScript = "diff \"${PODS_PODFILE_DIR_PATH}/Podfile.lock\" \"${PODS_ROOT}/Manifest.lock\" > /dev/null\nif [ $? != 0 ] ; then\n    # print error to STDERR\n    echo \"error: The sandbox is not in sync with the Podfile.lock. Run 'pod install' or update your CocoaPods installation.\" >&2\n    exit 1\nfi\n# This output is used by Xcode 'outputs' to avoid re-running this script phase.\necho \"SUCCESS\" > \"${SCRIPT_OUTPUT_FILE_0}\"\n";
			showEnvVarsInLog = 0;
		};
		757807B29DB5932406DF194A /* [CP] Copy Pods Resources */ = {
			isa = PBXShellScriptBuildPhase;
			buildActionMask = 2147483647;
			files = (
			);
			inputPaths = (
			);
			name = "[CP] Copy Pods Resources";
			outputPaths = (
			);
			runOnlyForDeploymentPostprocessing = 0;
			shellPath = /bin/sh;
			shellScript = "\"${SRCROOT}/Pods/Target Support Files/Pods-JSDatePickerViewTests/Pods-JSDatePickerViewTests-resources.sh\"\n";
			showEnvVarsInLog = 0;
		};
		ACDE5FB58E494D92364A2BC5 /* [CP] Check Pods Manifest.lock */ = {
			isa = PBXShellScriptBuildPhase;
			buildActionMask = 2147483647;
			files = (
			);
			inputPaths = (
				"${PODS_PODFILE_DIR_PATH}/Podfile.lock",
				"${PODS_ROOT}/Manifest.lock",
			);
			name = "[CP] Check Pods Manifest.lock";
			outputPaths = (
				"$(DERIVED_FILE_DIR)/Pods-JSDatePickerViewTests-checkManifestLockResult.txt",
			);
			runOnlyForDeploymentPostprocessing = 0;
			shellPath = /bin/sh;
			shellScript = "diff \"${PODS_PODFILE_DIR_PATH}/Podfile.lock\" \"${PODS_ROOT}/Manifest.lock\" > /dev/null\nif [ $? != 0 ] ; then\n    # print error to STDERR\n    echo \"error: The sandbox is not in sync with the Podfile.lock. Run 'pod install' or update your CocoaPods installation.\" >&2\n    exit 1\nfi\n# This output is used by Xcode 'outputs' to avoid re-running this script phase.\necho \"SUCCESS\" > \"${SCRIPT_OUTPUT_FILE_0}\"\n";
			showEnvVarsInLog = 0;
		};
		BD367D0F3F55E3745ABD2481 /* [CP] Copy Pods Resources */ = {
			isa = PBXShellScriptBuildPhase;
			buildActionMask = 2147483647;
			files = (
			);
			inputPaths = (
			);
			name = "[CP] Copy Pods Resources";
			outputPaths = (
			);
			runOnlyForDeploymentPostprocessing = 0;
			shellPath = /bin/sh;
			shellScript = "\"${SRCROOT}/Pods/Target Support Files/Pods-JSDatePickerView/Pods-JSDatePickerView-resources.sh\"\n";
			showEnvVarsInLog = 0;
		};
		D7FA58AAC731FC5394F4CEE3 /* [CP] Embed Pods Frameworks */ = {
			isa = PBXShellScriptBuildPhase;
			buildActionMask = 2147483647;
			files = (
			);
			inputPaths = (
			);
			name = "[CP] Embed Pods Frameworks";
			outputPaths = (
			);
			runOnlyForDeploymentPostprocessing = 0;
			shellPath = /bin/sh;
			shellScript = "\"${SRCROOT}/Pods/Target Support Files/Pods-JSDatePickerViewTests/Pods-JSDatePickerViewTests-frameworks.sh\"\n";
			showEnvVarsInLog = 0;
		};
		E89D851979A800AB61F6AADB /* [CP] Check Pods Manifest.lock */ = {
			isa = PBXShellScriptBuildPhase;
			buildActionMask = 2147483647;
			files = (
			);
			inputPaths = (
				"${PODS_PODFILE_DIR_PATH}/Podfile.lock",
				"${PODS_ROOT}/Manifest.lock",
			);
			name = "[CP] Check Pods Manifest.lock";
			outputPaths = (
				"$(DERIVED_FILE_DIR)/Pods-JSDatePickerView-checkManifestLockResult.txt",
			);
			runOnlyForDeploymentPostprocessing = 0;
			shellPath = /bin/sh;
			shellScript = "diff \"${PODS_PODFILE_DIR_PATH}/Podfile.lock\" \"${PODS_ROOT}/Manifest.lock\" > /dev/null\nif [ $? != 0 ] ; then\n    # print error to STDERR\n    echo \"error: The sandbox is not in sync with the Podfile.lock. Run 'pod install' or update your CocoaPods installation.\" >&2\n    exit 1\nfi\n# This output is used by Xcode 'outputs' to avoid re-running this script phase.\necho \"SUCCESS\" > \"${SCRIPT_OUTPUT_FILE_0}\"\n";
			showEnvVarsInLog = 0;
		};
		FAB91981D770555355EBF4F9 /* [CP] Embed Pods Frameworks */ = {
			isa = PBXShellScriptBuildPhase;
			buildActionMask = 2147483647;
			files = (
			);
			inputPaths = (
				"${SRCROOT}/Pods/Target Support Files/Pods-JSDatePickerView/Pods-JSDatePickerView-frameworks.sh",
				"${BUILT_PRODUCTS_DIR}/EAInfiniteScrollView/EAInfiniteScrollView.framework",
			);
			name = "[CP] Embed Pods Frameworks";
			outputPaths = (
				"${TARGET_BUILD_DIR}/${FRAMEWORKS_FOLDER_PATH}/EAInfiniteScrollView.framework",
			);
			runOnlyForDeploymentPostprocessing = 0;
			shellPath = /bin/sh;
			shellScript = "\"${SRCROOT}/Pods/Target Support Files/Pods-JSDatePickerView/Pods-JSDatePickerView-frameworks.sh\"\n";
			showEnvVarsInLog = 0;
		};
/* End PBXShellScriptBuildPhase section */

/* Begin PBXSourcesBuildPhase section */
		420377CB1FF286390012A55C /* Sources */ = {
			isa = PBXSourcesBuildPhase;
			buildActionMask = 2147483647;
			files = (
				42C0D75F203C5415007346CE /* MainViewController.swift in Sources */,
				422A948A202409AC00010D2F /* Cells.swift in Sources */,
				42E484B920354A45007C3271 /* DatePickerCollectionView.swift in Sources */,
				42315F0820220CAE00ADC50C /* AppDelegate.swift in Sources */,
				42E484BB2035D9D8007C3271 /* CalendarCollectionView.swift in Sources */,
				42E484B72035499C007C3271 /* JSDatePickerView.swift in Sources */,
				42973BAB1FF55D42009DEA7B /* CalenderUtilities.swift in Sources */,
			);
			runOnlyForDeploymentPostprocessing = 0;
		};
		420377DF1FF2863A0012A55C /* Sources */ = {
			isa = PBXSourcesBuildPhase;
			buildActionMask = 2147483647;
			files = (
			);
			runOnlyForDeploymentPostprocessing = 0;
		};
		420377EA1FF2863A0012A55C /* Sources */ = {
			isa = PBXSourcesBuildPhase;
			buildActionMask = 2147483647;
			files = (
			);
			runOnlyForDeploymentPostprocessing = 0;
		};
/* End PBXSourcesBuildPhase section */

/* Begin PBXTargetDependency section */
		420377E51FF2863A0012A55C /* PBXTargetDependency */ = {
			isa = PBXTargetDependency;
			target = 420377CE1FF286390012A55C /* JSDatePickerView */;
			targetProxy = 420377E41FF2863A0012A55C /* PBXContainerItemProxy */;
		};
		420377F01FF2863A0012A55C /* PBXTargetDependency */ = {
			isa = PBXTargetDependency;
			target = 420377CE1FF286390012A55C /* JSDatePickerView */;
			targetProxy = 420377EF1FF2863A0012A55C /* PBXContainerItemProxy */;
		};
/* End PBXTargetDependency section */

/* Begin XCBuildConfiguration section */
		420377F51FF2863A0012A55C /* Debug */ = {
			isa = XCBuildConfiguration;
			buildSettings = {
				ALWAYS_SEARCH_USER_PATHS = NO;
				CLANG_ANALYZER_NONNULL = YES;
				CLANG_ANALYZER_NUMBER_OBJECT_CONVERSION = YES_AGGRESSIVE;
				CLANG_CXX_LANGUAGE_STANDARD = "gnu++14";
				CLANG_CXX_LIBRARY = "libc++";
				CLANG_ENABLE_MODULES = YES;
				CLANG_ENABLE_OBJC_ARC = YES;
				CLANG_WARN_BLOCK_CAPTURE_AUTORELEASING = YES;
				CLANG_WARN_BOOL_CONVERSION = YES;
				CLANG_WARN_COMMA = YES;
				CLANG_WARN_CONSTANT_CONVERSION = YES;
				CLANG_WARN_DIRECT_OBJC_ISA_USAGE = YES_ERROR;
				CLANG_WARN_DOCUMENTATION_COMMENTS = YES;
				CLANG_WARN_EMPTY_BODY = YES;
				CLANG_WARN_ENUM_CONVERSION = YES;
				CLANG_WARN_INFINITE_RECURSION = YES;
				CLANG_WARN_INT_CONVERSION = YES;
				CLANG_WARN_NON_LITERAL_NULL_CONVERSION = YES;
				CLANG_WARN_OBJC_LITERAL_CONVERSION = YES;
				CLANG_WARN_OBJC_ROOT_CLASS = YES_ERROR;
				CLANG_WARN_RANGE_LOOP_ANALYSIS = YES;
				CLANG_WARN_STRICT_PROTOTYPES = YES;
				CLANG_WARN_SUSPICIOUS_MOVE = YES;
				CLANG_WARN_UNGUARDED_AVAILABILITY = YES_AGGRESSIVE;
				CLANG_WARN_UNREACHABLE_CODE = YES;
				CLANG_WARN__DUPLICATE_METHOD_MATCH = YES;
				CODE_SIGN_IDENTITY = "iPhone Developer";
				COPY_PHASE_STRIP = NO;
				DEBUG_INFORMATION_FORMAT = dwarf;
				ENABLE_STRICT_OBJC_MSGSEND = YES;
				ENABLE_TESTABILITY = YES;
				GCC_C_LANGUAGE_STANDARD = gnu11;
				GCC_DYNAMIC_NO_PIC = NO;
				GCC_NO_COMMON_BLOCKS = YES;
				GCC_OPTIMIZATION_LEVEL = 0;
				GCC_PREPROCESSOR_DEFINITIONS = (
					"DEBUG=1",
					"$(inherited)",
				);
				GCC_WARN_64_TO_32_BIT_CONVERSION = YES;
				GCC_WARN_ABOUT_RETURN_TYPE = YES_ERROR;
				GCC_WARN_UNDECLARED_SELECTOR = YES;
				GCC_WARN_UNINITIALIZED_AUTOS = YES_AGGRESSIVE;
				GCC_WARN_UNUSED_FUNCTION = YES;
				GCC_WARN_UNUSED_VARIABLE = YES;
				IPHONEOS_DEPLOYMENT_TARGET = 11.2;
				MTL_ENABLE_DEBUG_INFO = YES;
				ONLY_ACTIVE_ARCH = YES;
				SDKROOT = iphoneos;
				SWIFT_ACTIVE_COMPILATION_CONDITIONS = DEBUG;
				SWIFT_OPTIMIZATION_LEVEL = "-Onone";
			};
			name = Debug;
		};
		420377F61FF2863A0012A55C /* Release */ = {
			isa = XCBuildConfiguration;
			buildSettings = {
				ALWAYS_SEARCH_USER_PATHS = NO;
				CLANG_ANALYZER_NONNULL = YES;
				CLANG_ANALYZER_NUMBER_OBJECT_CONVERSION = YES_AGGRESSIVE;
				CLANG_CXX_LANGUAGE_STANDARD = "gnu++14";
				CLANG_CXX_LIBRARY = "libc++";
				CLANG_ENABLE_MODULES = YES;
				CLANG_ENABLE_OBJC_ARC = YES;
				CLANG_WARN_BLOCK_CAPTURE_AUTORELEASING = YES;
				CLANG_WARN_BOOL_CONVERSION = YES;
				CLANG_WARN_COMMA = YES;
				CLANG_WARN_CONSTANT_CONVERSION = YES;
				CLANG_WARN_DIRECT_OBJC_ISA_USAGE = YES_ERROR;
				CLANG_WARN_DOCUMENTATION_COMMENTS = YES;
				CLANG_WARN_EMPTY_BODY = YES;
				CLANG_WARN_ENUM_CONVERSION = YES;
				CLANG_WARN_INFINITE_RECURSION = YES;
				CLANG_WARN_INT_CONVERSION = YES;
				CLANG_WARN_NON_LITERAL_NULL_CONVERSION = YES;
				CLANG_WARN_OBJC_LITERAL_CONVERSION = YES;
				CLANG_WARN_OBJC_ROOT_CLASS = YES_ERROR;
				CLANG_WARN_RANGE_LOOP_ANALYSIS = YES;
				CLANG_WARN_STRICT_PROTOTYPES = YES;
				CLANG_WARN_SUSPICIOUS_MOVE = YES;
				CLANG_WARN_UNGUARDED_AVAILABILITY = YES_AGGRESSIVE;
				CLANG_WARN_UNREACHABLE_CODE = YES;
				CLANG_WARN__DUPLICATE_METHOD_MATCH = YES;
				CODE_SIGN_IDENTITY = "iPhone Developer";
				COPY_PHASE_STRIP = NO;
				DEBUG_INFORMATION_FORMAT = "dwarf-with-dsym";
				ENABLE_NS_ASSERTIONS = NO;
				ENABLE_STRICT_OBJC_MSGSEND = YES;
				GCC_C_LANGUAGE_STANDARD = gnu11;
				GCC_NO_COMMON_BLOCKS = YES;
				GCC_WARN_64_TO_32_BIT_CONVERSION = YES;
				GCC_WARN_ABOUT_RETURN_TYPE = YES_ERROR;
				GCC_WARN_UNDECLARED_SELECTOR = YES;
				GCC_WARN_UNINITIALIZED_AUTOS = YES_AGGRESSIVE;
				GCC_WARN_UNUSED_FUNCTION = YES;
				GCC_WARN_UNUSED_VARIABLE = YES;
				IPHONEOS_DEPLOYMENT_TARGET = 11.2;
				MTL_ENABLE_DEBUG_INFO = NO;
				SDKROOT = iphoneos;
				SWIFT_OPTIMIZATION_LEVEL = "-Owholemodule";
				VALIDATE_PRODUCT = YES;
			};
			name = Release;
		};
		420377F81FF2863A0012A55C /* Debug */ = {
			isa = XCBuildConfiguration;
			baseConfigurationReference = 907E8C1E6D3B72701661D4C0 /* Pods-JSDatePickerView.debug.xcconfig */;
			buildSettings = {
				ASSETCATALOG_COMPILER_APPICON_NAME = AppIcon;
				CODE_SIGN_STYLE = Automatic;
				DEVELOPMENT_TEAM = 25U77HKX6R;
				INFOPLIST_FILE = JSDatePickerView/Info.plist;
				LD_RUNPATH_SEARCH_PATHS = "$(inherited) @executable_path/Frameworks";
				PRODUCT_BUNDLE_IDENTIFIER = SlideWorm.JSDatePickerView;
				PRODUCT_NAME = "$(TARGET_NAME)";
				SWIFT_VERSION = 4.0;
				TARGETED_DEVICE_FAMILY = "1,2";
			};
			name = Debug;
		};
		420377F91FF2863A0012A55C /* Release */ = {
			isa = XCBuildConfiguration;
			baseConfigurationReference = 33BCF8655DAA662149FF9541 /* Pods-JSDatePickerView.release.xcconfig */;
			buildSettings = {
				ASSETCATALOG_COMPILER_APPICON_NAME = AppIcon;
				CODE_SIGN_STYLE = Automatic;
				DEVELOPMENT_TEAM = 25U77HKX6R;
				INFOPLIST_FILE = JSDatePickerView/Info.plist;
				LD_RUNPATH_SEARCH_PATHS = "$(inherited) @executable_path/Frameworks";
				PRODUCT_BUNDLE_IDENTIFIER = SlideWorm.JSDatePickerView;
				PRODUCT_NAME = "$(TARGET_NAME)";
				SWIFT_VERSION = 4.0;
				TARGETED_DEVICE_FAMILY = "1,2";
			};
			name = Release;
		};
		420377FB1FF2863A0012A55C /* Debug */ = {
			isa = XCBuildConfiguration;
			baseConfigurationReference = CDDEA2B97529C36AB66B94EB /* Pods-JSDatePickerViewTests.debug.xcconfig */;
			buildSettings = {
				ALWAYS_EMBED_SWIFT_STANDARD_LIBRARIES = YES;
				BUNDLE_LOADER = "$(TEST_HOST)";
				CODE_SIGN_STYLE = Automatic;
				DEVELOPMENT_TEAM = 25U77HKX6R;
				INFOPLIST_FILE = JSDatePickerViewTests/Info.plist;
				LD_RUNPATH_SEARCH_PATHS = "$(inherited) @executable_path/Frameworks @loader_path/Frameworks";
				PRODUCT_BUNDLE_IDENTIFIER = SlideWorm.JSDatePickerViewTests;
				PRODUCT_NAME = "$(TARGET_NAME)";
				SWIFT_VERSION = 4.0;
				TARGETED_DEVICE_FAMILY = "1,2";
				TEST_HOST = "$(BUILT_PRODUCTS_DIR)/JSDatePickerView.app/JSDatePickerView";
			};
			name = Debug;
		};
		420377FC1FF2863A0012A55C /* Release */ = {
			isa = XCBuildConfiguration;
			baseConfigurationReference = 20D1080F26CE747AE2295024 /* Pods-JSDatePickerViewTests.release.xcconfig */;
			buildSettings = {
				ALWAYS_EMBED_SWIFT_STANDARD_LIBRARIES = YES;
				BUNDLE_LOADER = "$(TEST_HOST)";
				CODE_SIGN_STYLE = Automatic;
				DEVELOPMENT_TEAM = 25U77HKX6R;
				INFOPLIST_FILE = JSDatePickerViewTests/Info.plist;
				LD_RUNPATH_SEARCH_PATHS = "$(inherited) @executable_path/Frameworks @loader_path/Frameworks";
				PRODUCT_BUNDLE_IDENTIFIER = SlideWorm.JSDatePickerViewTests;
				PRODUCT_NAME = "$(TARGET_NAME)";
				SWIFT_VERSION = 4.0;
				TARGETED_DEVICE_FAMILY = "1,2";
				TEST_HOST = "$(BUILT_PRODUCTS_DIR)/JSDatePickerView.app/JSDatePickerView";
			};
			name = Release;
		};
		420377FE1FF2863A0012A55C /* Debug */ = {
			isa = XCBuildConfiguration;
			baseConfigurationReference = 1B1010F7F103AFD34D0105AD /* Pods-JSDatePickerViewUITests.debug.xcconfig */;
			buildSettings = {
				ALWAYS_EMBED_SWIFT_STANDARD_LIBRARIES = YES;
				CODE_SIGN_STYLE = Automatic;
				DEVELOPMENT_TEAM = 25U77HKX6R;
				INFOPLIST_FILE = JSDatePickerViewUITests/Info.plist;
				LD_RUNPATH_SEARCH_PATHS = "$(inherited) @executable_path/Frameworks @loader_path/Frameworks";
				PRODUCT_BUNDLE_IDENTIFIER = SlideWorm.JSDatePickerViewUITests;
				PRODUCT_NAME = "$(TARGET_NAME)";
				SWIFT_VERSION = 4.0;
				TARGETED_DEVICE_FAMILY = "1,2";
				TEST_TARGET_NAME = JSDatePickerView;
			};
			name = Debug;
		};
		420377FF1FF2863A0012A55C /* Release */ = {
			isa = XCBuildConfiguration;
			baseConfigurationReference = 487C026CD7BFAF6619107F81 /* Pods-JSDatePickerViewUITests.release.xcconfig */;
			buildSettings = {
				ALWAYS_EMBED_SWIFT_STANDARD_LIBRARIES = YES;
				CODE_SIGN_STYLE = Automatic;
				DEVELOPMENT_TEAM = 25U77HKX6R;
				INFOPLIST_FILE = JSDatePickerViewUITests/Info.plist;
				LD_RUNPATH_SEARCH_PATHS = "$(inherited) @executable_path/Frameworks @loader_path/Frameworks";
				PRODUCT_BUNDLE_IDENTIFIER = SlideWorm.JSDatePickerViewUITests;
				PRODUCT_NAME = "$(TARGET_NAME)";
				SWIFT_VERSION = 4.0;
				TARGETED_DEVICE_FAMILY = "1,2";
				TEST_TARGET_NAME = JSDatePickerView;
			};
			name = Release;
		};
/* End XCBuildConfiguration section */

/* Begin XCConfigurationList section */
		420377CA1FF286390012A55C /* Build configuration list for PBXProject "JSDatePickerView" */ = {
			isa = XCConfigurationList;
			buildConfigurations = (
				420377F51FF2863A0012A55C /* Debug */,
				420377F61FF2863A0012A55C /* Release */,
			);
			defaultConfigurationIsVisible = 0;
			defaultConfigurationName = Release;
		};
		420377F71FF2863A0012A55C /* Build configuration list for PBXNativeTarget "JSDatePickerView" */ = {
			isa = XCConfigurationList;
			buildConfigurations = (
				420377F81FF2863A0012A55C /* Debug */,
				420377F91FF2863A0012A55C /* Release */,
			);
			defaultConfigurationIsVisible = 0;
			defaultConfigurationName = Release;
		};
		420377FA1FF2863A0012A55C /* Build configuration list for PBXNativeTarget "JSDatePickerViewTests" */ = {
			isa = XCConfigurationList;
			buildConfigurations = (
				420377FB1FF2863A0012A55C /* Debug */,
				420377FC1FF2863A0012A55C /* Release */,
			);
			defaultConfigurationIsVisible = 0;
			defaultConfigurationName = Release;
		};
		420377FD1FF2863A0012A55C /* Build configuration list for PBXNativeTarget "JSDatePickerViewUITests" */ = {
			isa = XCConfigurationList;
			buildConfigurations = (
				420377FE1FF2863A0012A55C /* Debug */,
				420377FF1FF2863A0012A55C /* Release */,
			);
			defaultConfigurationIsVisible = 0;
			defaultConfigurationName = Release;
		};
/* End XCConfigurationList section */
	};
	rootObject = 420377C71FF286390012A55C /* Project object */;
}
